
Microsoft Visual Studio Solution File, Format Version 12.00
# Visual Studio Version 16
VisualStudioVersion = 16.0.31205.134
MinimumVisualStudioVersion = 10.0.40219.1
Project("{FAE04EC0-301F-11D3-BF4B-00C04F79EFBC}") = "spider", "spider\spider.csproj", "{6B12E484-266A-4D65-A790-11D1983544A8}"
EndProject
Global
	GlobalSection(SolutionConfigurationPlatforms) = preSolution
		Debug|Any CPU = Debug|Any CPU
		Release|Any CPU = Release|Any CPU
	EndGlobalSection
	GlobalSection(ProjectConfigurationPlatforms) = postSolution
		{6B12E484-266A-4D65-A790-11D1983544A8}.Debug|Any CPU.ActiveCfg = Debug|Any CPU
		{6B12E484-266A-4D65-A790-11D1983544A8}.Debug|Any CPU.Build.0 = Debug|Any CPU
		{6B12E484-266A-4D65-A790-11D1983544A8}.Release|Any CPU.ActiveCfg = Release|Any CPU
		{6B12E484-266A-4D65-A790-11D1983544A8}.Release|Any CPU.Build.0 = Release|Any CPU
	EndGlobalSection
	GlobalSection(SolutionProperties) = preSolution
		HideSolutionNode = FALSE
	EndGlobalSection
	GlobalSection(ExtensibilityGlobals) = postSolution
		SolutionGuid = {A829F9A5-F9CC-49AE-9AF1-59D7CE39A8D1}
	EndGlobalSection
EndGlobal
